
Microsoft Visual Studio Solution File, Format Version 12.00
# Visual Studio Version 17
VisualStudioVersion = 17.0.31912.275
MinimumVisualStudioVersion = 10.0.40219.1
Project("{9A19103F-16F7-4668-BE54-9A1E7A4F7556}") = "Fabrica.Extensions", "Fabrica.Extensions\Fabrica.Extensions.csproj", "{3B437107-DFAA-4694-8CEA-3A876773EC62}"
EndProject
Project("{9A19103F-16F7-4668-BE54-9A1E7A4F7556}") = "Fabrica.Watch.Bridges", "Fabrica.Watch.Bridges\Fabrica.Watch.Bridges.csproj", "{A1954C96-AF2F-410A-861C-5EF5D3A392E7}"
EndProject
Project("{9A19103F-16F7-4668-BE54-9A1E7A4F7556}") = "Fabrica.Watch.Mongo", "Fabrica.Watch.Mongo\Fabrica.Watch.Mongo.csproj", "{D84D23D0-4553-4580-A891-14BD0E99018F}"
EndProject
Project("{9A19103F-16F7-4668-BE54-9A1E7A4F7556}") = "Fabrica.Aws", "Fabrica.Aws\Fabrica.Aws.csproj", "{A9BDDCEB-3F15-4921-9537-B7CBB1FD82EA}"
EndProject
Project("{9A19103F-16F7-4668-BE54-9A1E7A4F7556}") = "Fabrica.One.Support", "Fabrica.One.Support\Fabrica.One.Support.csproj", "{6BEE20DE-F811-407B-AC74-326CB93DFE79}"
EndProject
Project("{9A19103F-16F7-4668-BE54-9A1E7A4F7556}") = "Fabrica.Api.Support", "Fabrica.Api.Support\Fabrica.Api.Support.csproj", "{0AAA60FC-F0AF-42E4-8B7D-3D913128630E}"
EndProject
Project("{2150E333-8FDC-42A3-9474-1A3956D46DE8}") = "SDK", "SDK", "{D4D77F2A-5F13-4104-87CD-04D9421395CC}"
EndProject
Project("{2150E333-8FDC-42A3-9474-1A3956D46DE8}") = "Appliances", "Appliances", "{7A81AD66-EABD-448A-8CD9-DFF453B77107}"
EndProject
Project("{2150E333-8FDC-42A3-9474-1A3956D46DE8}") = "Services", "Services", "{3200EA27-ABAD-4334-B406-CCC6D204CE84}"
EndProject
Project("{9A19103F-16F7-4668-BE54-9A1E7A4F7556}") = "Fabrica.One.Service", "Fabrica.One.Service\Fabrica.One.Service.csproj", "{ED7155DD-D0C9-4DA4-ACA0-0FC1F7509807}"
EndProject
Project("{9A19103F-16F7-4668-BE54-9A1E7A4F7556}") = "Fabrica.One.Systemd", "Fabrica.One.Systemd\Fabrica.One.Systemd.csproj", "{ABC77BE9-F027-482B-8D23-74B40C49B629}"
EndProject
Project("{9A19103F-16F7-4668-BE54-9A1E7A4F7556}") = "Fabrica.Proxy", "Fabrica.Proxy\Fabrica.Proxy.csproj", "{B06D54F0-6587-417F-B340-0C798A7E0A9D}"
EndProject
Project("{9A19103F-16F7-4668-BE54-9A1E7A4F7556}") = "Fabrica.Monitor", "Fabrica.Monitor\Fabrica.Monitor.csproj", "{5F885F8E-8F2B-4887-92B0-93548A0D39D0}"
EndProject
Project("{9A19103F-16F7-4668-BE54-9A1E7A4F7556}") = "Fabrica.Static", "Fabrica.Static\Fabrica.Static.csproj", "{A59937EF-E00F-46E1-8BBB-8CDB1D2022FB}"
EndProject
Project("{9A19103F-16F7-4668-BE54-9A1E7A4F7556}") = "Fabrica.Persistence.Ef", "Fabrica.Persistence.Ef\Fabrica.Persistence.Ef.csproj", "{CB60F29D-610D-41B6-8B08-5CF69D57C03A}"
EndProject
Project("{2150E333-8FDC-42A3-9474-1A3956D46DE8}") = "Tests", "Tests", "{2E2E37FB-828B-4516-9A53-557B03BD4BC1}"
EndProject
Project("{9A19103F-16F7-4668-BE54-9A1E7A4F7556}") = "Fabrica.Tests", "Fabrica.Tests\Fabrica.Tests.csproj", "{0D691923-2F48-4835-981C-E9310EF1E992}"
EndProject
Project("{9A19103F-16F7-4668-BE54-9A1E7A4F7556}") = "Fabrica.Identity.Auth0", "Fabrica.Identity.Auth0\Fabrica.Identity.Auth0.csproj", "{E1934D6F-2617-4A1C-92BF-DDB3386AAF7A}"
EndProject
Project("{9A19103F-16F7-4668-BE54-9A1E7A4F7556}") = "Fabrica.Work", "Fabrica.Work\Fabrica.Work.csproj", "{8449F594-FC67-41FE-816C-55D790694F5E}"
EndProject
Project("{9A19103F-16F7-4668-BE54-9A1E7A4F7556}") = "Fabrica.Press.Generation", "Fabrica.Press.Generation\Fabrica.Press.Generation.csproj", "{91287193-A929-4CA0-B7E9-DD30322176F0}"
EndProject
Project("{9A19103F-16F7-4668-BE54-9A1E7A4F7556}") = "Fabrica.Watch.Api", "Fabrica.Watch.Api\Fabrica.Watch.Api.csproj", "{5A3DB926-8BD2-4A4C-95A2-427250FB7DAB}"
EndProject
Project("{9A19103F-16F7-4668-BE54-9A1E7A4F7556}") = "Fabrica.Watch.Realtime", "Fabrica.Watch.Realtime\Fabrica.Watch.Realtime.csproj", "{B6F8F586-09C6-45BC-AEE6-1F58065FA739}"
EndProject
Project("{9A19103F-16F7-4668-BE54-9A1E7A4F7556}") = "Fabrica.Fake", "Fabrica.Fake\Fabrica.Fake.csproj", "{D89769EF-6F4A-4589-BD28-9A3341948367}"
EndProject
Project("{9A19103F-16F7-4668-BE54-9A1E7A4F7556}") = "Fabrica", "Fabrica\Fabrica.csproj", "{3E4BB960-3AE2-485C-B7D2-9AC4CF0FD67E}"
EndProject
Project("{9A19103F-16F7-4668-BE54-9A1E7A4F7556}") = "Fabrica.Test.Models", "Fabrica.Test.Models\Fabrica.Test.Models.csproj", "{E9770CCE-D753-4540-B335-3FF6D60A7119}"
EndProject
Project("{9A19103F-16F7-4668-BE54-9A1E7A4F7556}") = "Fabrica.One.Persistence", "Fabrica.One.Persistence\Fabrica.One.Persistence.csproj", "{E730F1E5-49D2-4347-B44E-28B0AB6706DE}"
EndProject
Project("{9A19103F-16F7-4668-BE54-9A1E7A4F7556}") = "Fabrica.Persistence.Etl", "Fabrica.Persistence.Etl\Fabrica.Persistence.Etl.csproj", "{262D2AE4-F4E8-4823-98C3-677A3FF8E94B}"
EndProject
Project("{9A19103F-16F7-4668-BE54-9A1E7A4F7556}") = "Fabrica.Persistence.Http", "Fabrica.Persistence.Http\Fabrica.Persistence.Http.csproj", "{D5201434-0012-4CF2-A245-C4FECB9E47B0}"
EndProject
Project("{2150E333-8FDC-42A3-9474-1A3956D46DE8}") = "One", "One", "{B816809F-425E-4E6C-8DA4-C2B927CD1A38}"
EndProject
Project("{9A19103F-16F7-4668-BE54-9A1E7A4F7556}") = "Fabrica.One.Core", "Fabrica.One.Core\Fabrica.One.Core.csproj", "{CD0B25AA-6746-4996-A786-168AB32CF083}"
EndProject
Project("{9A19103F-16F7-4668-BE54-9A1E7A4F7556}") = "Fabrica.One.Core.Tests", "Fabrica.One.Core.Tests\Fabrica.One.Core.Tests.csproj", "{DD58CCAB-E30E-48C8-9659-ED51B41D23C8}"
EndProject
Project("{9A19103F-16F7-4668-BE54-9A1E7A4F7556}") = "Fabrica.One.Orchestator.Aws", "Fabrica.One.Orchestator.Aws\Fabrica.One.Orchestator.Aws.csproj", "{C0AEC5E1-997D-446D-B79B-B32E8C764E1A}"
EndProject
Project("{9A19103F-16F7-4668-BE54-9A1E7A4F7556}") = "Fabrica.One.Orchestrator.Aws.Tests", "Fabrica.One.Ochestrator.Aws.Tests\Fabrica.One.Orchestrator.Aws.Tests.csproj", "{FB3B653A-4496-4642-8C03-709C2BEAD843}"
EndProject
Global
	GlobalSection(SolutionConfigurationPlatforms) = preSolution
		Debug|Any CPU = Debug|Any CPU
		Release|Any CPU = Release|Any CPU
	EndGlobalSection
	GlobalSection(ProjectConfigurationPlatforms) = postSolution
		{3B437107-DFAA-4694-8CEA-3A876773EC62}.Debug|Any CPU.ActiveCfg = Debug|Any CPU
		{3B437107-DFAA-4694-8CEA-3A876773EC62}.Debug|Any CPU.Build.0 = Debug|Any CPU
		{3B437107-DFAA-4694-8CEA-3A876773EC62}.Release|Any CPU.ActiveCfg = Release|Any CPU
		{3B437107-DFAA-4694-8CEA-3A876773EC62}.Release|Any CPU.Build.0 = Release|Any CPU
		{A1954C96-AF2F-410A-861C-5EF5D3A392E7}.Debug|Any CPU.ActiveCfg = Debug|Any CPU
		{A1954C96-AF2F-410A-861C-5EF5D3A392E7}.Debug|Any CPU.Build.0 = Debug|Any CPU
		{A1954C96-AF2F-410A-861C-5EF5D3A392E7}.Release|Any CPU.ActiveCfg = Release|Any CPU
		{A1954C96-AF2F-410A-861C-5EF5D3A392E7}.Release|Any CPU.Build.0 = Release|Any CPU
		{D84D23D0-4553-4580-A891-14BD0E99018F}.Debug|Any CPU.ActiveCfg = Debug|Any CPU
		{D84D23D0-4553-4580-A891-14BD0E99018F}.Debug|Any CPU.Build.0 = Debug|Any CPU
		{D84D23D0-4553-4580-A891-14BD0E99018F}.Release|Any CPU.ActiveCfg = Release|Any CPU
		{D84D23D0-4553-4580-A891-14BD0E99018F}.Release|Any CPU.Build.0 = Release|Any CPU
		{A9BDDCEB-3F15-4921-9537-B7CBB1FD82EA}.Debug|Any CPU.ActiveCfg = Debug|Any CPU
		{A9BDDCEB-3F15-4921-9537-B7CBB1FD82EA}.Debug|Any CPU.Build.0 = Debug|Any CPU
		{A9BDDCEB-3F15-4921-9537-B7CBB1FD82EA}.Release|Any CPU.ActiveCfg = Release|Any CPU
		{A9BDDCEB-3F15-4921-9537-B7CBB1FD82EA}.Release|Any CPU.Build.0 = Release|Any CPU
		{6BEE20DE-F811-407B-AC74-326CB93DFE79}.Debug|Any CPU.ActiveCfg = Debug|Any CPU
		{6BEE20DE-F811-407B-AC74-326CB93DFE79}.Debug|Any CPU.Build.0 = Debug|Any CPU
		{6BEE20DE-F811-407B-AC74-326CB93DFE79}.Release|Any CPU.ActiveCfg = Release|Any CPU
		{6BEE20DE-F811-407B-AC74-326CB93DFE79}.Release|Any CPU.Build.0 = Release|Any CPU
		{0AAA60FC-F0AF-42E4-8B7D-3D913128630E}.Debug|Any CPU.ActiveCfg = Debug|Any CPU
		{0AAA60FC-F0AF-42E4-8B7D-3D913128630E}.Debug|Any CPU.Build.0 = Debug|Any CPU
		{0AAA60FC-F0AF-42E4-8B7D-3D913128630E}.Release|Any CPU.ActiveCfg = Release|Any CPU
		{0AAA60FC-F0AF-42E4-8B7D-3D913128630E}.Release|Any CPU.Build.0 = Release|Any CPU
		{ED7155DD-D0C9-4DA4-ACA0-0FC1F7509807}.Debug|Any CPU.ActiveCfg = Debug|Any CPU
		{ED7155DD-D0C9-4DA4-ACA0-0FC1F7509807}.Debug|Any CPU.Build.0 = Debug|Any CPU
		{ED7155DD-D0C9-4DA4-ACA0-0FC1F7509807}.Release|Any CPU.ActiveCfg = Release|Any CPU
		{ED7155DD-D0C9-4DA4-ACA0-0FC1F7509807}.Release|Any CPU.Build.0 = Release|Any CPU
		{ABC77BE9-F027-482B-8D23-74B40C49B629}.Debug|Any CPU.ActiveCfg = Debug|Any CPU
		{ABC77BE9-F027-482B-8D23-74B40C49B629}.Debug|Any CPU.Build.0 = Debug|Any CPU
		{ABC77BE9-F027-482B-8D23-74B40C49B629}.Release|Any CPU.ActiveCfg = Release|Any CPU
		{ABC77BE9-F027-482B-8D23-74B40C49B629}.Release|Any CPU.Build.0 = Release|Any CPU
		{B06D54F0-6587-417F-B340-0C798A7E0A9D}.Debug|Any CPU.ActiveCfg = Debug|Any CPU
		{B06D54F0-6587-417F-B340-0C798A7E0A9D}.Debug|Any CPU.Build.0 = Debug|Any CPU
		{B06D54F0-6587-417F-B340-0C798A7E0A9D}.Release|Any CPU.ActiveCfg = Release|Any CPU
		{B06D54F0-6587-417F-B340-0C798A7E0A9D}.Release|Any CPU.Build.0 = Release|Any CPU
		{5F885F8E-8F2B-4887-92B0-93548A0D39D0}.Debug|Any CPU.ActiveCfg = Debug|Any CPU
		{5F885F8E-8F2B-4887-92B0-93548A0D39D0}.Debug|Any CPU.Build.0 = Debug|Any CPU
		{5F885F8E-8F2B-4887-92B0-93548A0D39D0}.Release|Any CPU.ActiveCfg = Release|Any CPU
		{5F885F8E-8F2B-4887-92B0-93548A0D39D0}.Release|Any CPU.Build.0 = Release|Any CPU
		{A59937EF-E00F-46E1-8BBB-8CDB1D2022FB}.Debug|Any CPU.ActiveCfg = Debug|Any CPU
		{A59937EF-E00F-46E1-8BBB-8CDB1D2022FB}.Debug|Any CPU.Build.0 = Debug|Any CPU
		{A59937EF-E00F-46E1-8BBB-8CDB1D2022FB}.Release|Any CPU.ActiveCfg = Release|Any CPU
		{A59937EF-E00F-46E1-8BBB-8CDB1D2022FB}.Release|Any CPU.Build.0 = Release|Any CPU
		{CB60F29D-610D-41B6-8B08-5CF69D57C03A}.Debug|Any CPU.ActiveCfg = Debug|Any CPU
		{CB60F29D-610D-41B6-8B08-5CF69D57C03A}.Debug|Any CPU.Build.0 = Debug|Any CPU
		{CB60F29D-610D-41B6-8B08-5CF69D57C03A}.Release|Any CPU.ActiveCfg = Release|Any CPU
		{CB60F29D-610D-41B6-8B08-5CF69D57C03A}.Release|Any CPU.Build.0 = Release|Any CPU
		{0D691923-2F48-4835-981C-E9310EF1E992}.Debug|Any CPU.ActiveCfg = Debug|Any CPU
		{0D691923-2F48-4835-981C-E9310EF1E992}.Debug|Any CPU.Build.0 = Debug|Any CPU
		{0D691923-2F48-4835-981C-E9310EF1E992}.Release|Any CPU.ActiveCfg = Release|Any CPU
		{0D691923-2F48-4835-981C-E9310EF1E992}.Release|Any CPU.Build.0 = Release|Any CPU
		{E1934D6F-2617-4A1C-92BF-DDB3386AAF7A}.Debug|Any CPU.ActiveCfg = Debug|Any CPU
		{E1934D6F-2617-4A1C-92BF-DDB3386AAF7A}.Debug|Any CPU.Build.0 = Debug|Any CPU
		{E1934D6F-2617-4A1C-92BF-DDB3386AAF7A}.Release|Any CPU.ActiveCfg = Release|Any CPU
		{E1934D6F-2617-4A1C-92BF-DDB3386AAF7A}.Release|Any CPU.Build.0 = Release|Any CPU
		{8449F594-FC67-41FE-816C-55D790694F5E}.Debug|Any CPU.ActiveCfg = Debug|Any CPU
		{8449F594-FC67-41FE-816C-55D790694F5E}.Debug|Any CPU.Build.0 = Debug|Any CPU
		{8449F594-FC67-41FE-816C-55D790694F5E}.Release|Any CPU.ActiveCfg = Release|Any CPU
		{8449F594-FC67-41FE-816C-55D790694F5E}.Release|Any CPU.Build.0 = Release|Any CPU
		{91287193-A929-4CA0-B7E9-DD30322176F0}.Debug|Any CPU.ActiveCfg = Debug|Any CPU
		{91287193-A929-4CA0-B7E9-DD30322176F0}.Debug|Any CPU.Build.0 = Debug|Any CPU
		{91287193-A929-4CA0-B7E9-DD30322176F0}.Release|Any CPU.ActiveCfg = Release|Any CPU
		{91287193-A929-4CA0-B7E9-DD30322176F0}.Release|Any CPU.Build.0 = Release|Any CPU
		{5A3DB926-8BD2-4A4C-95A2-427250FB7DAB}.Debug|Any CPU.ActiveCfg = Debug|Any CPU
		{5A3DB926-8BD2-4A4C-95A2-427250FB7DAB}.Debug|Any CPU.Build.0 = Debug|Any CPU
		{5A3DB926-8BD2-4A4C-95A2-427250FB7DAB}.Release|Any CPU.ActiveCfg = Release|Any CPU
		{5A3DB926-8BD2-4A4C-95A2-427250FB7DAB}.Release|Any CPU.Build.0 = Release|Any CPU
		{B6F8F586-09C6-45BC-AEE6-1F58065FA739}.Debug|Any CPU.ActiveCfg = Debug|Any CPU
		{B6F8F586-09C6-45BC-AEE6-1F58065FA739}.Debug|Any CPU.Build.0 = Debug|Any CPU
		{B6F8F586-09C6-45BC-AEE6-1F58065FA739}.Release|Any CPU.ActiveCfg = Release|Any CPU
		{B6F8F586-09C6-45BC-AEE6-1F58065FA739}.Release|Any CPU.Build.0 = Release|Any CPU
		{D89769EF-6F4A-4589-BD28-9A3341948367}.Debug|Any CPU.ActiveCfg = Debug|Any CPU
		{D89769EF-6F4A-4589-BD28-9A3341948367}.Debug|Any CPU.Build.0 = Debug|Any CPU
		{D89769EF-6F4A-4589-BD28-9A3341948367}.Release|Any CPU.ActiveCfg = Release|Any CPU
		{D89769EF-6F4A-4589-BD28-9A3341948367}.Release|Any CPU.Build.0 = Release|Any CPU
		{3E4BB960-3AE2-485C-B7D2-9AC4CF0FD67E}.Debug|Any CPU.ActiveCfg = Debug|Any CPU
		{3E4BB960-3AE2-485C-B7D2-9AC4CF0FD67E}.Debug|Any CPU.Build.0 = Debug|Any CPU
		{3E4BB960-3AE2-485C-B7D2-9AC4CF0FD67E}.Release|Any CPU.ActiveCfg = Release|Any CPU
		{3E4BB960-3AE2-485C-B7D2-9AC4CF0FD67E}.Release|Any CPU.Build.0 = Release|Any CPU
		{E9770CCE-D753-4540-B335-3FF6D60A7119}.Debug|Any CPU.ActiveCfg = Debug|Any CPU
		{E9770CCE-D753-4540-B335-3FF6D60A7119}.Debug|Any CPU.Build.0 = Debug|Any CPU
		{E9770CCE-D753-4540-B335-3FF6D60A7119}.Release|Any CPU.ActiveCfg = Release|Any CPU
		{E9770CCE-D753-4540-B335-3FF6D60A7119}.Release|Any CPU.Build.0 = Release|Any CPU
		{E730F1E5-49D2-4347-B44E-28B0AB6706DE}.Debug|Any CPU.ActiveCfg = Debug|Any CPU
		{E730F1E5-49D2-4347-B44E-28B0AB6706DE}.Debug|Any CPU.Build.0 = Debug|Any CPU
		{E730F1E5-49D2-4347-B44E-28B0AB6706DE}.Release|Any CPU.ActiveCfg = Release|Any CPU
		{E730F1E5-49D2-4347-B44E-28B0AB6706DE}.Release|Any CPU.Build.0 = Release|Any CPU
		{262D2AE4-F4E8-4823-98C3-677A3FF8E94B}.Debug|Any CPU.ActiveCfg = Debug|Any CPU
		{262D2AE4-F4E8-4823-98C3-677A3FF8E94B}.Debug|Any CPU.Build.0 = Debug|Any CPU
		{262D2AE4-F4E8-4823-98C3-677A3FF8E94B}.Release|Any CPU.ActiveCfg = Release|Any CPU
		{262D2AE4-F4E8-4823-98C3-677A3FF8E94B}.Release|Any CPU.Build.0 = Release|Any CPU
		{D5201434-0012-4CF2-A245-C4FECB9E47B0}.Debug|Any CPU.ActiveCfg = Debug|Any CPU
		{D5201434-0012-4CF2-A245-C4FECB9E47B0}.Debug|Any CPU.Build.0 = Debug|Any CPU
		{D5201434-0012-4CF2-A245-C4FECB9E47B0}.Release|Any CPU.ActiveCfg = Release|Any CPU
		{D5201434-0012-4CF2-A245-C4FECB9E47B0}.Release|Any CPU.Build.0 = Release|Any CPU
		{CD0B25AA-6746-4996-A786-168AB32CF083}.Debug|Any CPU.ActiveCfg = Debug|Any CPU
		{CD0B25AA-6746-4996-A786-168AB32CF083}.Debug|Any CPU.Build.0 = Debug|Any CPU
		{CD0B25AA-6746-4996-A786-168AB32CF083}.Release|Any CPU.ActiveCfg = Release|Any CPU
		{CD0B25AA-6746-4996-A786-168AB32CF083}.Release|Any CPU.Build.0 = Release|Any CPU
		{DD58CCAB-E30E-48C8-9659-ED51B41D23C8}.Debug|Any CPU.ActiveCfg = Debug|Any CPU
		{DD58CCAB-E30E-48C8-9659-ED51B41D23C8}.Debug|Any CPU.Build.0 = Debug|Any CPU
		{DD58CCAB-E30E-48C8-9659-ED51B41D23C8}.Release|Any CPU.ActiveCfg = Release|Any CPU
		{DD58CCAB-E30E-48C8-9659-ED51B41D23C8}.Release|Any CPU.Build.0 = Release|Any CPU
		{C0AEC5E1-997D-446D-B79B-B32E8C764E1A}.Debug|Any CPU.ActiveCfg = Debug|Any CPU
		{C0AEC5E1-997D-446D-B79B-B32E8C764E1A}.Debug|Any CPU.Build.0 = Debug|Any CPU
		{C0AEC5E1-997D-446D-B79B-B32E8C764E1A}.Release|Any CPU.ActiveCfg = Release|Any CPU
		{C0AEC5E1-997D-446D-B79B-B32E8C764E1A}.Release|Any CPU.Build.0 = Release|Any CPU
		{FB3B653A-4496-4642-8C03-709C2BEAD843}.Debug|Any CPU.ActiveCfg = Debug|Any CPU
		{FB3B653A-4496-4642-8C03-709C2BEAD843}.Debug|Any CPU.Build.0 = Debug|Any CPU
		{FB3B653A-4496-4642-8C03-709C2BEAD843}.Release|Any CPU.ActiveCfg = Release|Any CPU
		{FB3B653A-4496-4642-8C03-709C2BEAD843}.Release|Any CPU.Build.0 = Release|Any CPU
	EndGlobalSection
	GlobalSection(SolutionProperties) = preSolution
		HideSolutionNode = FALSE
	EndGlobalSection
	GlobalSection(NestedProjects) = preSolution
		{3B437107-DFAA-4694-8CEA-3A876773EC62} = {D4D77F2A-5F13-4104-87CD-04D9421395CC}
		{A1954C96-AF2F-410A-861C-5EF5D3A392E7} = {D4D77F2A-5F13-4104-87CD-04D9421395CC}
		{D84D23D0-4553-4580-A891-14BD0E99018F} = {D4D77F2A-5F13-4104-87CD-04D9421395CC}
		{A9BDDCEB-3F15-4921-9537-B7CBB1FD82EA} = {D4D77F2A-5F13-4104-87CD-04D9421395CC}
		{6BEE20DE-F811-407B-AC74-326CB93DFE79} = {B816809F-425E-4E6C-8DA4-C2B927CD1A38}
		{0AAA60FC-F0AF-42E4-8B7D-3D913128630E} = {D4D77F2A-5F13-4104-87CD-04D9421395CC}
		{3200EA27-ABAD-4334-B406-CCC6D204CE84} = {B816809F-425E-4E6C-8DA4-C2B927CD1A38}
		{ED7155DD-D0C9-4DA4-ACA0-0FC1F7509807} = {3200EA27-ABAD-4334-B406-CCC6D204CE84}
		{ABC77BE9-F027-482B-8D23-74B40C49B629} = {3200EA27-ABAD-4334-B406-CCC6D204CE84}
		{B06D54F0-6587-417F-B340-0C798A7E0A9D} = {7A81AD66-EABD-448A-8CD9-DFF453B77107}
		{5F885F8E-8F2B-4887-92B0-93548A0D39D0} = {7A81AD66-EABD-448A-8CD9-DFF453B77107}
		{A59937EF-E00F-46E1-8BBB-8CDB1D2022FB} = {7A81AD66-EABD-448A-8CD9-DFF453B77107}
		{CB60F29D-610D-41B6-8B08-5CF69D57C03A} = {D4D77F2A-5F13-4104-87CD-04D9421395CC}
		{0D691923-2F48-4835-981C-E9310EF1E992} = {2E2E37FB-828B-4516-9A53-557B03BD4BC1}
		{E1934D6F-2617-4A1C-92BF-DDB3386AAF7A} = {D4D77F2A-5F13-4104-87CD-04D9421395CC}
		{8449F594-FC67-41FE-816C-55D790694F5E} = {7A81AD66-EABD-448A-8CD9-DFF453B77107}
		{91287193-A929-4CA0-B7E9-DD30322176F0} = {D4D77F2A-5F13-4104-87CD-04D9421395CC}
		{5A3DB926-8BD2-4A4C-95A2-427250FB7DAB} = {7A81AD66-EABD-448A-8CD9-DFF453B77107}
		{B6F8F586-09C6-45BC-AEE6-1F58065FA739} = {D4D77F2A-5F13-4104-87CD-04D9421395CC}
		{D89769EF-6F4A-4589-BD28-9A3341948367} = {7A81AD66-EABD-448A-8CD9-DFF453B77107}
		{3E4BB960-3AE2-485C-B7D2-9AC4CF0FD67E} = {D4D77F2A-5F13-4104-87CD-04D9421395CC}
		{E9770CCE-D753-4540-B335-3FF6D60A7119} = {2E2E37FB-828B-4516-9A53-557B03BD4BC1}
		{E730F1E5-49D2-4347-B44E-28B0AB6706DE} = {B816809F-425E-4E6C-8DA4-C2B927CD1A38}
		{262D2AE4-F4E8-4823-98C3-677A3FF8E94B} = {D4D77F2A-5F13-4104-87CD-04D9421395CC}
		{D5201434-0012-4CF2-A245-C4FECB9E47B0} = {D4D77F2A-5F13-4104-87CD-04D9421395CC}
		{CD0B25AA-6746-4996-A786-168AB32CF083} = {B816809F-425E-4E6C-8DA4-C2B927CD1A38}
		{DD58CCAB-E30E-48C8-9659-ED51B41D23C8} = {2E2E37FB-828B-4516-9A53-557B03BD4BC1}
		{C0AEC5E1-997D-446D-B79B-B32E8C764E1A} = {B816809F-425E-4E6C-8DA4-C2B927CD1A38}
		{FB3B653A-4496-4642-8C03-709C2BEAD843} = {2E2E37FB-828B-4516-9A53-557B03BD4BC1}
	EndGlobalSection
	GlobalSection(ExtensibilityGlobals) = postSolution
		SolutionGuid = {FE8638D5-DE76-4377-8051-B8525AC1799D}
	EndGlobalSection
EndGlobal
