
Microsoft Visual Studio Solution File, Format Version 12.00
# Visual Studio Version 17
VisualStudioVersion = 17.4.33213.308
MinimumVisualStudioVersion = 10.0.40219.1
Project("{9A19103F-16F7-4668-BE54-9A1E7A4F7556}") = "Fabrica", "Fabrica\Fabrica.csproj", "{9D9AC3FD-C125-45AB-8310-CB4798C15B6F}"
EndProject
Project("{9A19103F-16F7-4668-BE54-9A1E7A4F7556}") = "Fabrica.Extensions", "Fabrica.Extensions\Fabrica.Extensions.csproj", "{6D297C61-74C7-4E44-BE2D-3BA8EF20DEB3}"
EndProject
Project("{2150E333-8FDC-42A3-9474-1A3956D46DE8}") = "SDK", "SDK", "{A5161544-8D49-43C6-93D7-FD8742626D25}"
EndProject
Project("{9A19103F-16F7-4668-BE54-9A1E7A4F7556}") = "Fabrica.Identity.Auth0", "Fabrica.Identity.Auth0\Fabrica.Identity.Auth0.csproj", "{28779567-A1C0-4B94-AEED-E742CE83DBB5}"
EndProject
Project("{9A19103F-16F7-4668-BE54-9A1E7A4F7556}") = "Fabrica.Identity.Keycloak", "Fabrica.Identity.Keycloak\Fabrica.Identity.Keycloak.csproj", "{C314FDB7-71C5-4C1D-9C33-00D4EE2FD2DF}"
EndProject
Project("{9A19103F-16F7-4668-BE54-9A1E7A4F7556}") = "Fabrica.Persistence.Http", "Fabrica.Persistence.Http\Fabrica.Persistence.Http.csproj", "{6338A3EE-C193-46CF-9ABF-812CC9A335FE}"
EndProject
Project("{9A19103F-16F7-4668-BE54-9A1E7A4F7556}") = "Fabrica.Persistence.Ef", "Fabrica.Persistence.Ef\Fabrica.Persistence.Ef.csproj", "{93A3A703-4B81-486D-A976-60A2D0797CB3}"
EndProject
Project("{9A19103F-16F7-4668-BE54-9A1E7A4F7556}") = "Fabrica.Aws", "Fabrica.Aws\Fabrica.Aws.csproj", "{2D822968-87A6-41BF-883D-9A3C8987EF7F}"
EndProject
Project("{9A19103F-16F7-4668-BE54-9A1E7A4F7556}") = "Fabrica.Persistence.Etl", "Fabrica.Persistence.Etl\Fabrica.Persistence.Etl.csproj", "{4DF858FD-CC6C-4086-8A93-E541EB87E134}"
EndProject
Project("{9A19103F-16F7-4668-BE54-9A1E7A4F7556}") = "Fabrica.Watch.Bridges", "Fabrica.Watch.Bridges\Fabrica.Watch.Bridges.csproj", "{44AAF79C-1E5E-4766-91EA-896FAA07A741}"
EndProject
Project("{9A19103F-16F7-4668-BE54-9A1E7A4F7556}") = "Fabrica.Watch.Mongo", "Fabrica.Watch.Mongo\Fabrica.Watch.Mongo.csproj", "{73A6DECB-33B0-4560-BB82-631D22CDACFF}"
EndProject
Project("{9A19103F-16F7-4668-BE54-9A1E7A4F7556}") = "Fabrica.Watch.Realtime", "Fabrica.Watch.Realtime\Fabrica.Watch.Realtime.csproj", "{A3021751-7281-4BD2-AA9B-04DC2241ACFC}"
EndProject
Project("{9A19103F-16F7-4668-BE54-9A1E7A4F7556}") = "Fabrica.Api.Support", "Fabrica.Api.Support\Fabrica.Api.Support.csproj", "{F02A01AB-0609-420D-B57F-B8973A6180A8}"
EndProject
Project("{9A19103F-16F7-4668-BE54-9A1E7A4F7556}") = "Fabrica.One.Appliance", "Fabrica.One.Appliance\Fabrica.One.Appliance.csproj", "{E15471CB-4350-4C0B-B6DC-DC78A60A5801}"
EndProject
Project("{2150E333-8FDC-42A3-9474-1A3956D46DE8}") = "One", "One", "{E8BDFABD-F38C-4E08-8EF1-DEEBABBBD9F5}"
EndProject
Project("{9A19103F-16F7-4668-BE54-9A1E7A4F7556}") = "Fabrica.One.Core", "Fabrica.One.Core\Fabrica.One.Core.csproj", "{9EF18D59-467C-46CF-A0AC-D719638E5E7E}"
EndProject
Project("{9A19103F-16F7-4668-BE54-9A1E7A4F7556}") = "Fabrica.One.Support.Aws", "Fabrica.One.Support.Aws\Fabrica.One.Support.Aws.csproj", "{C2D5E388-64F8-43DB-9C8C-DFC27806EC15}"
EndProject
Project("{9A19103F-16F7-4668-BE54-9A1E7A4F7556}") = "Fabrica.One.Agent", "Fabrica.One.Agent\Fabrica.One.Agent.csproj", "{C176FAE1-12AB-4E0A-B5F5-F8E7D974092A}"
EndProject
Project("{9A19103F-16F7-4668-BE54-9A1E7A4F7556}") = "Fabrica.One.Orchestrator.Aws", "Fabrica.One.Orchestrator.Aws\Fabrica.One.Orchestrator.Aws.csproj", "{AAA7A59F-FCBE-48F4-8CF4-25DC34D2BA8C}"
EndProject
Project("{2150E333-8FDC-42A3-9474-1A3956D46DE8}") = "Support", "Support", "{7AED6722-FEFA-4E80-B560-7AEFCB8693E0}"
EndProject
Project("{2150E333-8FDC-42A3-9474-1A3956D46DE8}") = "Services", "Services", "{05E6561A-C339-48A0-AC40-59CC286168AB}"
EndProject
Project("{2150E333-8FDC-42A3-9474-1A3956D46DE8}") = "Modules", "Modules", "{A968464F-C7AE-472F-8AFE-AB2B36E8F999}"
EndProject
Project("{9A19103F-16F7-4668-BE54-9A1E7A4F7556}") = "Fabrica.One.Builder", "Fabrica.One.Builder\Fabrica.One.Builder.csproj", "{DD10DA3E-B437-49AF-A84C-ED4270786BD8}"
EndProject
Project("{2150E333-8FDC-42A3-9474-1A3956D46DE8}") = "Tests", "Tests", "{160E9850-FB57-4E68-B8D7-92F61E26F4D4}"
EndProject
Project("{9A19103F-16F7-4668-BE54-9A1E7A4F7556}") = "Fabrica.Test.Models", "Fabrica.Test.Models\Fabrica.Test.Models.csproj", "{33D5BBC4-B423-4DFF-8E77-054927BEE8DA}"
EndProject
Project("{9A19103F-16F7-4668-BE54-9A1E7A4F7556}") = "Fabrica.Tests", "Fabrica.Tests\Fabrica.Tests.csproj", "{EB72F57F-A3E8-4057-B12A-275A540CA65B}"
EndProject
Project("{9A19103F-16F7-4668-BE54-9A1E7A4F7556}") = "Fabrica.One.Core.Tests", "Fabrica.One.Core.Tests\Fabrica.One.Core.Tests.csproj", "{9DEC602F-7B0F-41A4-8E2E-F5D277058BC0}"
EndProject
Project("{9A19103F-16F7-4668-BE54-9A1E7A4F7556}") = "Fabrica.One.Support.Aws.Tests", "Fabrica.One.Support.Aws.Tests\Fabrica.One.Support.Aws.Tests.csproj", "{9E54F41D-F542-4603-AEC6-96AC7C301D88}"
EndProject
Project("{9A19103F-16F7-4668-BE54-9A1E7A4F7556}") = "Fabrica.Make.Sdk", "Fabrica.Make.Sdk\Fabrica.Make.Sdk.csproj", "{452B90F8-6C36-431B-94B2-F47327AB1AD0}"
EndProject
Project("{9A19103F-16F7-4668-BE54-9A1E7A4F7556}") = "Fabrica.Watch", "Fabrica.Watch\Fabrica.Watch.csproj", "{BC570257-DC80-496B-907B-DC6B9E07404A}"
EndProject
Project("{2150E333-8FDC-42A3-9474-1A3956D46DE8}") = "Watch", "Watch", "{8EB66E27-2D5B-4C09-845B-F4D408B831CB}"
EndProject
Project("{9A19103F-16F7-4668-BE54-9A1E7A4F7556}") = "Fabrica.Watch.Http", "Fabrica.Watch.Http\Fabrica.Watch.Http.csproj", "{B8BC4D04-9F11-4462-998C-006F38A33CB6}"
EndProject
Project("{FAE04EC0-301F-11D3-BF4B-00C04F79EFBC}") = "Fabrica.Persistence.Mongo", "Fabrica.Persistence.Mongo\Fabrica.Persistence.Mongo.csproj", "{4EC4E549-F130-4FDF-844B-76880F625285}"
EndProject
Global
	GlobalSection(SolutionConfigurationPlatforms) = preSolution
		Debug|Any CPU = Debug|Any CPU
		Release|Any CPU = Release|Any CPU
	EndGlobalSection
	GlobalSection(ProjectConfigurationPlatforms) = postSolution
		{9D9AC3FD-C125-45AB-8310-CB4798C15B6F}.Debug|Any CPU.ActiveCfg = Debug|Any CPU
		{9D9AC3FD-C125-45AB-8310-CB4798C15B6F}.Debug|Any CPU.Build.0 = Debug|Any CPU
		{9D9AC3FD-C125-45AB-8310-CB4798C15B6F}.Release|Any CPU.ActiveCfg = Release|Any CPU
		{9D9AC3FD-C125-45AB-8310-CB4798C15B6F}.Release|Any CPU.Build.0 = Release|Any CPU
		{6D297C61-74C7-4E44-BE2D-3BA8EF20DEB3}.Debug|Any CPU.ActiveCfg = Debug|Any CPU
		{6D297C61-74C7-4E44-BE2D-3BA8EF20DEB3}.Debug|Any CPU.Build.0 = Debug|Any CPU
		{6D297C61-74C7-4E44-BE2D-3BA8EF20DEB3}.Release|Any CPU.ActiveCfg = Release|Any CPU
		{6D297C61-74C7-4E44-BE2D-3BA8EF20DEB3}.Release|Any CPU.Build.0 = Release|Any CPU
		{28779567-A1C0-4B94-AEED-E742CE83DBB5}.Debug|Any CPU.ActiveCfg = Debug|Any CPU
		{28779567-A1C0-4B94-AEED-E742CE83DBB5}.Debug|Any CPU.Build.0 = Debug|Any CPU
		{28779567-A1C0-4B94-AEED-E742CE83DBB5}.Release|Any CPU.ActiveCfg = Release|Any CPU
		{28779567-A1C0-4B94-AEED-E742CE83DBB5}.Release|Any CPU.Build.0 = Release|Any CPU
		{C314FDB7-71C5-4C1D-9C33-00D4EE2FD2DF}.Debug|Any CPU.ActiveCfg = Debug|Any CPU
		{C314FDB7-71C5-4C1D-9C33-00D4EE2FD2DF}.Debug|Any CPU.Build.0 = Debug|Any CPU
		{C314FDB7-71C5-4C1D-9C33-00D4EE2FD2DF}.Release|Any CPU.ActiveCfg = Release|Any CPU
		{C314FDB7-71C5-4C1D-9C33-00D4EE2FD2DF}.Release|Any CPU.Build.0 = Release|Any CPU
		{6338A3EE-C193-46CF-9ABF-812CC9A335FE}.Debug|Any CPU.ActiveCfg = Debug|Any CPU
		{6338A3EE-C193-46CF-9ABF-812CC9A335FE}.Debug|Any CPU.Build.0 = Debug|Any CPU
		{6338A3EE-C193-46CF-9ABF-812CC9A335FE}.Release|Any CPU.ActiveCfg = Release|Any CPU
		{6338A3EE-C193-46CF-9ABF-812CC9A335FE}.Release|Any CPU.Build.0 = Release|Any CPU
		{93A3A703-4B81-486D-A976-60A2D0797CB3}.Debug|Any CPU.ActiveCfg = Debug|Any CPU
		{93A3A703-4B81-486D-A976-60A2D0797CB3}.Debug|Any CPU.Build.0 = Debug|Any CPU
		{93A3A703-4B81-486D-A976-60A2D0797CB3}.Release|Any CPU.ActiveCfg = Release|Any CPU
		{93A3A703-4B81-486D-A976-60A2D0797CB3}.Release|Any CPU.Build.0 = Release|Any CPU
		{2D822968-87A6-41BF-883D-9A3C8987EF7F}.Debug|Any CPU.ActiveCfg = Debug|Any CPU
		{2D822968-87A6-41BF-883D-9A3C8987EF7F}.Debug|Any CPU.Build.0 = Debug|Any CPU
		{2D822968-87A6-41BF-883D-9A3C8987EF7F}.Release|Any CPU.ActiveCfg = Release|Any CPU
		{2D822968-87A6-41BF-883D-9A3C8987EF7F}.Release|Any CPU.Build.0 = Release|Any CPU
		{4DF858FD-CC6C-4086-8A93-E541EB87E134}.Debug|Any CPU.ActiveCfg = Debug|Any CPU
		{4DF858FD-CC6C-4086-8A93-E541EB87E134}.Debug|Any CPU.Build.0 = Debug|Any CPU
		{4DF858FD-CC6C-4086-8A93-E541EB87E134}.Release|Any CPU.ActiveCfg = Release|Any CPU
		{4DF858FD-CC6C-4086-8A93-E541EB87E134}.Release|Any CPU.Build.0 = Release|Any CPU
		{44AAF79C-1E5E-4766-91EA-896FAA07A741}.Debug|Any CPU.ActiveCfg = Debug|Any CPU
		{44AAF79C-1E5E-4766-91EA-896FAA07A741}.Debug|Any CPU.Build.0 = Debug|Any CPU
		{44AAF79C-1E5E-4766-91EA-896FAA07A741}.Release|Any CPU.ActiveCfg = Release|Any CPU
		{44AAF79C-1E5E-4766-91EA-896FAA07A741}.Release|Any CPU.Build.0 = Release|Any CPU
		{73A6DECB-33B0-4560-BB82-631D22CDACFF}.Debug|Any CPU.ActiveCfg = Debug|Any CPU
		{73A6DECB-33B0-4560-BB82-631D22CDACFF}.Debug|Any CPU.Build.0 = Debug|Any CPU
		{73A6DECB-33B0-4560-BB82-631D22CDACFF}.Release|Any CPU.ActiveCfg = Release|Any CPU
		{73A6DECB-33B0-4560-BB82-631D22CDACFF}.Release|Any CPU.Build.0 = Release|Any CPU
		{A3021751-7281-4BD2-AA9B-04DC2241ACFC}.Debug|Any CPU.ActiveCfg = Debug|Any CPU
		{A3021751-7281-4BD2-AA9B-04DC2241ACFC}.Debug|Any CPU.Build.0 = Debug|Any CPU
		{A3021751-7281-4BD2-AA9B-04DC2241ACFC}.Release|Any CPU.ActiveCfg = Release|Any CPU
		{A3021751-7281-4BD2-AA9B-04DC2241ACFC}.Release|Any CPU.Build.0 = Release|Any CPU
		{F02A01AB-0609-420D-B57F-B8973A6180A8}.Debug|Any CPU.ActiveCfg = Debug|Any CPU
		{F02A01AB-0609-420D-B57F-B8973A6180A8}.Debug|Any CPU.Build.0 = Debug|Any CPU
		{F02A01AB-0609-420D-B57F-B8973A6180A8}.Release|Any CPU.ActiveCfg = Release|Any CPU
		{F02A01AB-0609-420D-B57F-B8973A6180A8}.Release|Any CPU.Build.0 = Release|Any CPU
		{E15471CB-4350-4C0B-B6DC-DC78A60A5801}.Debug|Any CPU.ActiveCfg = Debug|Any CPU
		{E15471CB-4350-4C0B-B6DC-DC78A60A5801}.Debug|Any CPU.Build.0 = Debug|Any CPU
		{E15471CB-4350-4C0B-B6DC-DC78A60A5801}.Release|Any CPU.ActiveCfg = Release|Any CPU
		{E15471CB-4350-4C0B-B6DC-DC78A60A5801}.Release|Any CPU.Build.0 = Release|Any CPU
		{9EF18D59-467C-46CF-A0AC-D719638E5E7E}.Debug|Any CPU.ActiveCfg = Debug|Any CPU
		{9EF18D59-467C-46CF-A0AC-D719638E5E7E}.Debug|Any CPU.Build.0 = Debug|Any CPU
		{9EF18D59-467C-46CF-A0AC-D719638E5E7E}.Release|Any CPU.ActiveCfg = Release|Any CPU
		{9EF18D59-467C-46CF-A0AC-D719638E5E7E}.Release|Any CPU.Build.0 = Release|Any CPU
		{C2D5E388-64F8-43DB-9C8C-DFC27806EC15}.Debug|Any CPU.ActiveCfg = Debug|Any CPU
		{C2D5E388-64F8-43DB-9C8C-DFC27806EC15}.Debug|Any CPU.Build.0 = Debug|Any CPU
		{C2D5E388-64F8-43DB-9C8C-DFC27806EC15}.Release|Any CPU.ActiveCfg = Release|Any CPU
		{C2D5E388-64F8-43DB-9C8C-DFC27806EC15}.Release|Any CPU.Build.0 = Release|Any CPU
		{C176FAE1-12AB-4E0A-B5F5-F8E7D974092A}.Debug|Any CPU.ActiveCfg = Debug|Any CPU
		{C176FAE1-12AB-4E0A-B5F5-F8E7D974092A}.Debug|Any CPU.Build.0 = Debug|Any CPU
		{C176FAE1-12AB-4E0A-B5F5-F8E7D974092A}.Release|Any CPU.ActiveCfg = Release|Any CPU
		{C176FAE1-12AB-4E0A-B5F5-F8E7D974092A}.Release|Any CPU.Build.0 = Release|Any CPU
		{AAA7A59F-FCBE-48F4-8CF4-25DC34D2BA8C}.Debug|Any CPU.ActiveCfg = Debug|Any CPU
		{AAA7A59F-FCBE-48F4-8CF4-25DC34D2BA8C}.Debug|Any CPU.Build.0 = Debug|Any CPU
		{AAA7A59F-FCBE-48F4-8CF4-25DC34D2BA8C}.Release|Any CPU.ActiveCfg = Release|Any CPU
		{AAA7A59F-FCBE-48F4-8CF4-25DC34D2BA8C}.Release|Any CPU.Build.0 = Release|Any CPU
		{DD10DA3E-B437-49AF-A84C-ED4270786BD8}.Debug|Any CPU.ActiveCfg = Debug|Any CPU
		{DD10DA3E-B437-49AF-A84C-ED4270786BD8}.Debug|Any CPU.Build.0 = Debug|Any CPU
		{DD10DA3E-B437-49AF-A84C-ED4270786BD8}.Release|Any CPU.ActiveCfg = Release|Any CPU
		{DD10DA3E-B437-49AF-A84C-ED4270786BD8}.Release|Any CPU.Build.0 = Release|Any CPU
		{33D5BBC4-B423-4DFF-8E77-054927BEE8DA}.Debug|Any CPU.ActiveCfg = Debug|Any CPU
		{33D5BBC4-B423-4DFF-8E77-054927BEE8DA}.Debug|Any CPU.Build.0 = Debug|Any CPU
		{33D5BBC4-B423-4DFF-8E77-054927BEE8DA}.Release|Any CPU.ActiveCfg = Release|Any CPU
		{33D5BBC4-B423-4DFF-8E77-054927BEE8DA}.Release|Any CPU.Build.0 = Release|Any CPU
		{EB72F57F-A3E8-4057-B12A-275A540CA65B}.Debug|Any CPU.ActiveCfg = Debug|Any CPU
		{EB72F57F-A3E8-4057-B12A-275A540CA65B}.Debug|Any CPU.Build.0 = Debug|Any CPU
		{EB72F57F-A3E8-4057-B12A-275A540CA65B}.Release|Any CPU.ActiveCfg = Release|Any CPU
		{EB72F57F-A3E8-4057-B12A-275A540CA65B}.Release|Any CPU.Build.0 = Release|Any CPU
		{9DEC602F-7B0F-41A4-8E2E-F5D277058BC0}.Debug|Any CPU.ActiveCfg = Debug|Any CPU
		{9DEC602F-7B0F-41A4-8E2E-F5D277058BC0}.Debug|Any CPU.Build.0 = Debug|Any CPU
		{9DEC602F-7B0F-41A4-8E2E-F5D277058BC0}.Release|Any CPU.ActiveCfg = Release|Any CPU
		{9DEC602F-7B0F-41A4-8E2E-F5D277058BC0}.Release|Any CPU.Build.0 = Release|Any CPU
		{9E54F41D-F542-4603-AEC6-96AC7C301D88}.Debug|Any CPU.ActiveCfg = Debug|Any CPU
		{9E54F41D-F542-4603-AEC6-96AC7C301D88}.Debug|Any CPU.Build.0 = Debug|Any CPU
		{9E54F41D-F542-4603-AEC6-96AC7C301D88}.Release|Any CPU.ActiveCfg = Release|Any CPU
		{9E54F41D-F542-4603-AEC6-96AC7C301D88}.Release|Any CPU.Build.0 = Release|Any CPU
		{452B90F8-6C36-431B-94B2-F47327AB1AD0}.Debug|Any CPU.ActiveCfg = Debug|Any CPU
		{452B90F8-6C36-431B-94B2-F47327AB1AD0}.Debug|Any CPU.Build.0 = Debug|Any CPU
		{452B90F8-6C36-431B-94B2-F47327AB1AD0}.Release|Any CPU.ActiveCfg = Release|Any CPU
		{452B90F8-6C36-431B-94B2-F47327AB1AD0}.Release|Any CPU.Build.0 = Release|Any CPU
		{BC570257-DC80-496B-907B-DC6B9E07404A}.Debug|Any CPU.ActiveCfg = Debug|Any CPU
		{BC570257-DC80-496B-907B-DC6B9E07404A}.Debug|Any CPU.Build.0 = Debug|Any CPU
		{BC570257-DC80-496B-907B-DC6B9E07404A}.Release|Any CPU.ActiveCfg = Release|Any CPU
		{BC570257-DC80-496B-907B-DC6B9E07404A}.Release|Any CPU.Build.0 = Release|Any CPU
		{B8BC4D04-9F11-4462-998C-006F38A33CB6}.Debug|Any CPU.ActiveCfg = Debug|Any CPU
		{B8BC4D04-9F11-4462-998C-006F38A33CB6}.Debug|Any CPU.Build.0 = Debug|Any CPU
		{B8BC4D04-9F11-4462-998C-006F38A33CB6}.Release|Any CPU.ActiveCfg = Release|Any CPU
		{B8BC4D04-9F11-4462-998C-006F38A33CB6}.Release|Any CPU.Build.0 = Release|Any CPU
		{4EC4E549-F130-4FDF-844B-76880F625285}.Debug|Any CPU.ActiveCfg = Debug|Any CPU
		{4EC4E549-F130-4FDF-844B-76880F625285}.Debug|Any CPU.Build.0 = Debug|Any CPU
		{4EC4E549-F130-4FDF-844B-76880F625285}.Release|Any CPU.ActiveCfg = Release|Any CPU
		{4EC4E549-F130-4FDF-844B-76880F625285}.Release|Any CPU.Build.0 = Release|Any CPU
	EndGlobalSection
	GlobalSection(SolutionProperties) = preSolution
		HideSolutionNode = FALSE
	EndGlobalSection
	GlobalSection(NestedProjects) = preSolution
		{9D9AC3FD-C125-45AB-8310-CB4798C15B6F} = {A5161544-8D49-43C6-93D7-FD8742626D25}
		{6D297C61-74C7-4E44-BE2D-3BA8EF20DEB3} = {A5161544-8D49-43C6-93D7-FD8742626D25}
		{28779567-A1C0-4B94-AEED-E742CE83DBB5} = {A5161544-8D49-43C6-93D7-FD8742626D25}
		{C314FDB7-71C5-4C1D-9C33-00D4EE2FD2DF} = {A5161544-8D49-43C6-93D7-FD8742626D25}
		{6338A3EE-C193-46CF-9ABF-812CC9A335FE} = {A5161544-8D49-43C6-93D7-FD8742626D25}
		{93A3A703-4B81-486D-A976-60A2D0797CB3} = {A5161544-8D49-43C6-93D7-FD8742626D25}
		{2D822968-87A6-41BF-883D-9A3C8987EF7F} = {A5161544-8D49-43C6-93D7-FD8742626D25}
		{4DF858FD-CC6C-4086-8A93-E541EB87E134} = {A5161544-8D49-43C6-93D7-FD8742626D25}
		{44AAF79C-1E5E-4766-91EA-896FAA07A741} = {8EB66E27-2D5B-4C09-845B-F4D408B831CB}
		{73A6DECB-33B0-4560-BB82-631D22CDACFF} = {8EB66E27-2D5B-4C09-845B-F4D408B831CB}
		{A3021751-7281-4BD2-AA9B-04DC2241ACFC} = {8EB66E27-2D5B-4C09-845B-F4D408B831CB}
		{F02A01AB-0609-420D-B57F-B8973A6180A8} = {A5161544-8D49-43C6-93D7-FD8742626D25}
		{E15471CB-4350-4C0B-B6DC-DC78A60A5801} = {7AED6722-FEFA-4E80-B560-7AEFCB8693E0}
		{9EF18D59-467C-46CF-A0AC-D719638E5E7E} = {7AED6722-FEFA-4E80-B560-7AEFCB8693E0}
		{C2D5E388-64F8-43DB-9C8C-DFC27806EC15} = {7AED6722-FEFA-4E80-B560-7AEFCB8693E0}
		{C176FAE1-12AB-4E0A-B5F5-F8E7D974092A} = {05E6561A-C339-48A0-AC40-59CC286168AB}
		{AAA7A59F-FCBE-48F4-8CF4-25DC34D2BA8C} = {05E6561A-C339-48A0-AC40-59CC286168AB}
		{7AED6722-FEFA-4E80-B560-7AEFCB8693E0} = {E8BDFABD-F38C-4E08-8EF1-DEEBABBBD9F5}
		{05E6561A-C339-48A0-AC40-59CC286168AB} = {E8BDFABD-F38C-4E08-8EF1-DEEBABBBD9F5}
		{A968464F-C7AE-472F-8AFE-AB2B36E8F999} = {E8BDFABD-F38C-4E08-8EF1-DEEBABBBD9F5}
		{DD10DA3E-B437-49AF-A84C-ED4270786BD8} = {A968464F-C7AE-472F-8AFE-AB2B36E8F999}
		{33D5BBC4-B423-4DFF-8E77-054927BEE8DA} = {160E9850-FB57-4E68-B8D7-92F61E26F4D4}
		{EB72F57F-A3E8-4057-B12A-275A540CA65B} = {160E9850-FB57-4E68-B8D7-92F61E26F4D4}
		{9DEC602F-7B0F-41A4-8E2E-F5D277058BC0} = {160E9850-FB57-4E68-B8D7-92F61E26F4D4}
		{9E54F41D-F542-4603-AEC6-96AC7C301D88} = {160E9850-FB57-4E68-B8D7-92F61E26F4D4}
		{452B90F8-6C36-431B-94B2-F47327AB1AD0} = {A5161544-8D49-43C6-93D7-FD8742626D25}
		{BC570257-DC80-496B-907B-DC6B9E07404A} = {8EB66E27-2D5B-4C09-845B-F4D408B831CB}
		{B8BC4D04-9F11-4462-998C-006F38A33CB6} = {8EB66E27-2D5B-4C09-845B-F4D408B831CB}
		{4EC4E549-F130-4FDF-844B-76880F625285} = {A5161544-8D49-43C6-93D7-FD8742626D25}
	EndGlobalSection
	GlobalSection(ExtensibilityGlobals) = postSolution
		SolutionGuid = {79FD2B26-A981-4ACD-A3A6-7B3084907A3B}
	EndGlobalSection
EndGlobal
